{
  "name": "easyapi-fapiao-pc",
  "version": "0.1.0",
  "lockfileVersion": 1,
  "requires": true,
  "dependencies": {
    "area-data": {
      "version": "5.0.6",
      "resolved": "https://registry.npm.taobao.org/area-data/download/area-data-5.0.6.tgz"
    },
    "atob": {
      "version": "2.1.2",
      "resolved": "https://registry.npm.taobao.org/atob/download/atob-2.1.2.tgz",
      "dev": true
    },
    "balanced-match": {
      "version": "1.0.0",
      "resolved": "https://registry.npm.taobao.org/balanced-match/download/balanced-match-1.0.0.tgz",
      "dev": true
    },
    "big.js": {
      "version": "5.2.2",
      "resolved": "https://registry.npm.taobao.org/big.js/download/big.js-5.2.2.tgz",
      "dev": true
    },
    "brace-expansion": {
      "version": "1.1.11",
      "resolved": "https://registry.npm.taobao.org/brace-expansion/download/brace-expansion-1.1.11.tgz",
      "integrity": "sha1-PH/L9SnYcibz0vUrlm/1Jx60Qd0=",
      "dev": true,
      "requires": {
        "balanced-match": "^1.0.0",
        "concat-map": "0.0.1"
      }
    },
    "concat-map": {
      "version": "0.0.1",
      "resolved": "https://registry.npm.taobao.org/concat-map/download/concat-map-0.0.1.tgz",
      "dev": true
    },
    "css": {
      "version": "2.2.4",
      "resolved": "https://registry.npm.taobao.org/css/download/css-2.2.4.tgz?cache=0&sync_timestamp=1593663564595&other_urls=https%3A%2F%2Fregistry.npm.taobao.org%2Fcss%2Fdownload%2Fcss-2.2.4.tgz",
      "integrity": "sha1-xkZ1XHOXHyu6amAeLPL9cbEpiSk=",
      "dev": true,
      "requires": {
        "inherits": "^2.0.3",
        "source-map": "^0.6.1",
        "source-map-resolve": "^0.5.2",
        "urix": "^0.1.0"
      },
      "dependencies": {
        "source-map": {
          "version": "0.6.1",
          "resolved": "https://registry.npm.taobao.org/source-map/download/source-map-0.6.1.tgz",
          "integrity": "sha1-dHIq8y6WFOnCh6jQu95IteLxomM=",
          "dev": true
        }
      }
    },
    "css-parse": {
      "version": "2.0.0",
      "resolved": "https://registry.npm.taobao.org/css-parse/download/css-parse-2.0.0.tgz",
      "dev": true,
      "requires": {
        "css": "^2.0.0"
      }
    },
    "de-indent": {
      "version": "1.0.2",
      "resolved": "https://registry.npm.taobao.org/de-indent/download/de-indent-1.0.2.tgz",
      "dev": true
    },
    "decode-uri-component": {
      "version": "0.2.0",
      "resolved": "https://registry.npm.taobao.org/decode-uri-component/download/decode-uri-component-0.2.0.tgz",
      "dev": true
    },
    "emojis-list": {
      "version": "3.0.0",
      "resolved": "https://registry.npm.taobao.org/emojis-list/download/emojis-list-3.0.0.tgz",
      "dev": true
    },
    "fs.realpath": {
      "version": "1.0.0",
      "resolved": "https://registry.npm.taobao.org/fs.realpath/download/fs.realpath-1.0.0.tgz",
      "dev": true
    },
    "glob": {
      "version": "7.1.6",
      "resolved": "https://registry.npm.taobao.org/glob/download/glob-7.1.6.tgz",
      "dev": true,
      "requires": {
        "fs.realpath": "^1.0.0",
        "inflight": "^1.0.4",
        "inherits": "2",
        "minimatch": "^3.0.4",
        "once": "^1.3.0",
        "path-is-absolute": "^1.0.0"
      }
    },
    "he": {
      "version": "1.2.0",
      "resolved": "https://registry.npm.taobao.org/he/download/he-1.2.0.tgz",
      "dev": true
    },
    "inflight": {
      "version": "1.0.6",
      "resolved": "https://registry.npm.taobao.org/inflight/download/inflight-1.0.6.tgz",
      "dev": true,
      "requires": {
        "once": "^1.3.0",
        "wrappy": "1"
      }
    },
    "inherits": {
      "version": "2.0.4",
      "resolved": "https://registry.npm.taobao.org/inherits/download/inherits-2.0.4.tgz",
      "dev": true
    },
    "loader-utils": {
      "version": "1.4.0",
      "resolved": "https://registry.npm.taobao.org/loader-utils/download/loader-utils-1.4.0.tgz",
      "integrity": "sha1-xXm140yzSxp07cbB+za/o3HVphM=",
      "dev": true,
      "requires": {
        "big.js": "^5.2.2",
        "emojis-list": "^3.0.0",
        "json5": "^1.0.1"
      },
      "dependencies": {
        "json5": {
          "version": "1.0.1",
          "resolved": "https://registry.npm.taobao.org/json5/download/json5-1.0.1.tgz",
          "integrity": "sha1-d5+wAYYE+oVOrL9iUhgNg1Q+Pb4=",
          "dev": true,
          "requires": {
            "minimist": "^1.2.0"
          }
        }
      }
    },
    "lodash": {
      "version": "4.17.20",
      "resolved": "https://registry.npmjs.org/lodash/-/lodash-4.17.20.tgz",
      "integrity": "sha512-PlhdFcillOINfeV7Ni6oF1TAEayyZBoZ8bcshTHqOYJYlrqzRK5hagpagky5o4HfCzzd1TRkXPMFq6cKk9rGmA=="
    },
    "lodash.clonedeep": {
      "version": "4.5.0",
      "resolved": "https://registry.npm.taobao.org/lodash.clonedeep/download/lodash.clonedeep-4.5.0.tgz",
      "dev": true
    },
    "lodash.find": {
      "version": "4.6.0",
      "resolved": "https://registry.npm.taobao.org/lodash.find/download/lodash.find-4.6.0.tgz"
    },
    "minimatch": {
      "version": "3.0.4",
      "resolved": "https://registry.npm.taobao.org/minimatch/download/minimatch-3.0.4.tgz",
      "dev": true,
      "requires": {
        "brace-expansion": "^1.1.7"
      }
    },
    "minimist": {
      "version": "1.2.5",
      "resolved": "https://registry.npm.taobao.org/minimist/download/minimist-1.2.5.tgz",
      "dev": true
    },
    "once": {
      "version": "1.4.0",
      "resolved": "https://registry.npm.taobao.org/once/download/once-1.4.0.tgz",
      "dev": true,
      "requires": {
        "wrappy": "1"
      }
    },
    "path-is-absolute": {
      "version": "1.0.1",
      "resolved": "https://registry.npm.taobao.org/path-is-absolute/download/path-is-absolute-1.0.1.tgz",
      "dev": true
    },
    "resolve-url": {
      "version": "0.2.1",
      "resolved": "https://registry.npm.taobao.org/resolve-url/download/resolve-url-0.2.1.tgz",
      "dev": true
    },
    "safer-buffer": {
      "version": "2.1.2",
      "resolved": "https://registry.npm.taobao.org/safer-buffer/download/safer-buffer-2.1.2.tgz",
      "dev": true
    },
    "sax": {
      "version": "1.2.4",
      "resolved": "https://registry.npm.taobao.org/sax/download/sax-1.2.4.tgz",
      "dev": true
    },
    "source-map-resolve": {
      "version": "0.5.3",
      "resolved": "https://registry.npm.taobao.org/source-map-resolve/download/source-map-resolve-0.5.3.tgz",
      "dev": true,
      "requires": {
        "atob": "^2.1.2",
        "decode-uri-component": "^0.2.0",
        "resolve-url": "^0.2.1",
        "source-map-url": "^0.4.0",
        "urix": "^0.1.0"
      }
    },
    "source-map-url": {
      "version": "0.4.0",
      "resolved": "https://registry.npm.taobao.org/source-map-url/download/source-map-url-0.4.0.tgz",
      "dev": true
    },
    "stylus": {
      "version": "0.54.8",
      "resolved": "https://registry.npm.taobao.org/stylus/download/stylus-0.54.8.tgz?cache=0&sync_timestamp=1594899717958&other_urls=https%3A%2F%2Fregistry.npm.taobao.org%2Fstylus%2Fdownload%2Fstylus-0.54.8.tgz",
      "integrity": "sha1-PaPmWWa8Vnp7BEv+DuzmU+CZ0Uc=",
      "dev": true,
      "requires": {
        "css-parse": "~2.0.0",
        "debug": "~3.1.0",
        "glob": "^7.1.6",
        "mkdirp": "~1.0.4",
        "safer-buffer": "^2.1.2",
        "sax": "~1.2.4",
        "semver": "^6.3.0",
        "source-map": "^0.7.3"
      },
      "dependencies": {
        "debug": {
          "version": "3.1.0",
          "resolved": "https://registry.npm.taobao.org/debug/download/debug-3.1.0.tgz",
          "integrity": "sha1-W7WgZyYotkFJVmuhaBnmFRjGcmE=",
          "dev": true,
          "requires": {
            "ms": "2.0.0"
          }
        },
        "mkdirp": {
          "version": "1.0.4",
          "resolved": "https://registry.npm.taobao.org/mkdirp/download/mkdirp-1.0.4.tgz",
          "integrity": "sha1-PrXtYmInVteaXw4qIh3+utdcL34=",
          "dev": true
        },
        "ms": {
          "version": "2.0.0",
          "resolved": "https://registry.npm.taobao.org/ms/download/ms-2.0.0.tgz",
          "integrity": "sha1-VgiurfwAvmwpAd9fmGF4jeDVl8g=",
          "dev": true
        },
        "semver": {
          "version": "6.3.0",
          "resolved": "https://registry.npm.taobao.org/semver/download/semver-6.3.0.tgz",
          "integrity": "sha1-7gpkyK9ejO6mdoexM3YeG+y9HT0=",
          "dev": true
        },
        "source-map": {
          "version": "0.7.3",
          "resolved": "https://registry.npm.taobao.org/source-map/download/source-map-0.7.3.tgz",
          "integrity": "sha1-UwL4FpAxc1ImVECS5kmB91F1A4M=",
          "dev": true
        }
      }
    },
    "stylus-loader": {
      "version": "3.0.2",
      "resolved": "https://registry.npm.taobao.org/stylus-loader/download/stylus-loader-3.0.2.tgz",
      "integrity": "sha1-J6cGQgsFo44DjnyssVNXjUUFE8Y=",
      "dev": true,
      "requires": {
        "loader-utils": "^1.0.2",
        "lodash.clonedeep": "^4.5.0",
        "when": "~3.6.x"
      }
    },
    "urix": {
      "version": "0.1.0",
      "resolved": "https://registry.npm.taobao.org/urix/download/urix-0.1.0.tgz",
      "dev": true
    },
    "vue": {
      "version": "2.6.12",
      "resolved": "https://registry.npm.taobao.org/vue/download/vue-2.6.12.tgz",
      "integrity": "sha1-9evU+mvShpQD4pqJau1JBEVskSM="
    },
    "vue-area-linkage": {
      "version": "5.1.0",
      "resolved": "https://registry.npm.taobao.org/vue-area-linkage/download/vue-area-linkage-5.1.0.tgz",
      "requires": {
        "lodash.find": "^4.6.0"
      }
    },
    "vue-template-compiler": {
      "version": "2.6.12",
      "resolved": "https://registry.npm.taobao.org/vue-template-compiler/download/vue-template-compiler-2.6.12.tgz?cache=0&sync_timestamp=1597929391082&other_urls=https%3A%2F%2Fregistry.npm.taobao.org%2Fvue-template-compiler%2Fdownload%2Fvue-template-compiler-2.6.12.tgz",
      "integrity": "sha1-lH7XGWdEyKUoXr4SM/6WBDf8xX4=",
      "dev": true,
      "requires": {
        "de-indent": "^1.0.2",
        "he": "^1.1.0"
      }
    },
    "vuex": {
      "version": "3.5.1",
      "resolved": "https://registry.npm.taobao.org/vuex/download/vuex-3.5.1.tgz",
      "integrity": "sha1-8bjc6mSbwlJUz09DWAgdv12hiz0="
    },
    "when": {
      "version": "3.6.4",
      "resolved": "https://registry.npm.taobao.org/when/download/when-3.6.4.tgz",
      "dev": true
    },
    "wrappy": {
      "version": "1.0.2",
      "resolved": "https://registry.npm.taobao.org/wrappy/download/wrappy-1.0.2.tgz",
      "dev": true
    }
  }
}
